// !$*UTF8*$!
{
	archiveVersion = 1;
	classes = {
	};
	objectVersion = 50;
	objects = {

/* Begin PBXBuildFile section */
		848173F725AF46CA0017ADDA /* Tests_iOS.swift in Sources */ = {isa = PBXBuildFile; fileRef = 848173F625AF46CA0017ADDA /* Tests_iOS.swift */; };
		8481740225AF46CA0017ADDA /* Tests_macOS.swift in Sources */ = {isa = PBXBuildFile; fileRef = 8481740125AF46CA0017ADDA /* Tests_macOS.swift */; };
		8481740425AF46CA0017ADDA /* SwiftUITestApp.swift in Sources */ = {isa = PBXBuildFile; fileRef = 848173DB25AF46C80017ADDA /* SwiftUITestApp.swift */; };
		8481740525AF46CA0017ADDA /* SwiftUITestApp.swift in Sources */ = {isa = PBXBuildFile; fileRef = 848173DB25AF46C80017ADDA /* SwiftUITestApp.swift */; };
		8481740625AF46CA0017ADDA /* ContentView.swift in Sources */ = {isa = PBXBuildFile; fileRef = 848173DC25AF46C80017ADDA /* ContentView.swift */; };
		8481740725AF46CA0017ADDA /* ContentView.swift in Sources */ = {isa = PBXBuildFile; fileRef = 848173DC25AF46C80017ADDA /* ContentView.swift */; };
		8481740825AF46CA0017ADDA /* Assets.xcassets in Resources */ = {isa = PBXBuildFile; fileRef = 848173DD25AF46CA0017ADDA /* Assets.xcassets */; };
		8481740925AF46CA0017ADDA /* Assets.xcassets in Resources */ = {isa = PBXBuildFile; fileRef = 848173DD25AF46CA0017ADDA /* Assets.xcassets */; };
		8481742425AF87340017ADDA /* CircleImage.swift in Sources */ = {isa = PBXBuildFile; fileRef = 8481742325AF87340017ADDA /* CircleImage.swift */; };
		8481742525AF87340017ADDA /* CircleImage.swift in Sources */ = {isa = PBXBuildFile; fileRef = 8481742325AF87340017ADDA /* CircleImage.swift */; };
		8481742F25AF88380017ADDA /* MapView.swift in Sources */ = {isa = PBXBuildFile; fileRef = 8481742E25AF88380017ADDA /* MapView.swift */; };
		8481743025AF88380017ADDA /* MapView.swift in Sources */ = {isa = PBXBuildFile; fileRef = 8481742E25AF88380017ADDA /* MapView.swift */; };
		8481743625AF8C000017ADDA /* landmarkData.json in Resources */ = {isa = PBXBuildFile; fileRef = 8481743525AF8C000017ADDA /* landmarkData.json */; };
		8481743725AF8C000017ADDA /* landmarkData.json in Resources */ = {isa = PBXBuildFile; fileRef = 8481743525AF8C000017ADDA /* landmarkData.json */; };
		8481743D25AF8C750017ADDA /* Landmark.swift in Sources */ = {isa = PBXBuildFile; fileRef = 8481743C25AF8C750017ADDA /* Landmark.swift */; };
		8481743E25AF8C750017ADDA /* Landmark.swift in Sources */ = {isa = PBXBuildFile; fileRef = 8481743C25AF8C750017ADDA /* Landmark.swift */; };
		8481744425AF8E5B0017ADDA /* ModelData.swift in Sources */ = {isa = PBXBuildFile; fileRef = 8481744325AF8E5B0017ADDA /* ModelData.swift */; };
		8481744525AF8E5B0017ADDA /* ModelData.swift in Sources */ = {isa = PBXBuildFile; fileRef = 8481744325AF8E5B0017ADDA /* ModelData.swift */; };
		8481744D25AF905A0017ADDA /* LandmarkRow.swift in Sources */ = {isa = PBXBuildFile; fileRef = 8481744C25AF905A0017ADDA /* LandmarkRow.swift */; };
		8481744E25AF905A0017ADDA /* LandmarkRow.swift in Sources */ = {isa = PBXBuildFile; fileRef = 8481744C25AF905A0017ADDA /* LandmarkRow.swift */; };
		8481745425AF92090017ADDA /* LandmarkList.swift in Sources */ = {isa = PBXBuildFile; fileRef = 8481745325AF92090017ADDA /* LandmarkList.swift */; };
		8481745525AF92090017ADDA /* LandmarkList.swift in Sources */ = {isa = PBXBuildFile; fileRef = 8481745325AF92090017ADDA /* LandmarkList.swift */; };
		8481745B25AF94C50017ADDA /* LandmarkDetail.swift in Sources */ = {isa = PBXBuildFile; fileRef = 8481745A25AF94C50017ADDA /* LandmarkDetail.swift */; };
		8481745C25AF94C50017ADDA /* LandmarkDetail.swift in Sources */ = {isa = PBXBuildFile; fileRef = 8481745A25AF94C50017ADDA /* LandmarkDetail.swift */; };
		8481746225B04FB80017ADDA /* FavoriteButton.swift in Sources */ = {isa = PBXBuildFile; fileRef = 8481746125B04FB80017ADDA /* FavoriteButton.swift */; };
		8481746325B04FB80017ADDA /* FavoriteButton.swift in Sources */ = {isa = PBXBuildFile; fileRef = 8481746125B04FB80017ADDA /* FavoriteButton.swift */; };
		8481747325B088F40017ADDA /* HexagonParameters.swift in Sources */ = {isa = PBXBuildFile; fileRef = 8481747225B088F40017ADDA /* HexagonParameters.swift */; };
		8481747425B088F40017ADDA /* HexagonParameters.swift in Sources */ = {isa = PBXBuildFile; fileRef = 8481747225B088F40017ADDA /* HexagonParameters.swift */; };
		8481747A25B089F40017ADDA /* BadgeBackground.swift in Sources */ = {isa = PBXBuildFile; fileRef = 8481747925B089F40017ADDA /* BadgeBackground.swift */; };
		8481747B25B089F40017ADDA /* BadgeBackground.swift in Sources */ = {isa = PBXBuildFile; fileRef = 8481747925B089F40017ADDA /* BadgeBackground.swift */; };
		8481748125B093580017ADDA /* BadgeSymbol.swift in Sources */ = {isa = PBXBuildFile; fileRef = 8481748025B093580017ADDA /* BadgeSymbol.swift */; };
		8481748225B093580017ADDA /* BadgeSymbol.swift in Sources */ = {isa = PBXBuildFile; fileRef = 8481748025B093580017ADDA /* BadgeSymbol.swift */; };
		8481748825B0944D0017ADDA /* RotatedBadgeSymbol.swift in Sources */ = {isa = PBXBuildFile; fileRef = 8481748725B0944D0017ADDA /* RotatedBadgeSymbol.swift */; };
		8481748925B0944D0017ADDA /* RotatedBadgeSymbol.swift in Sources */ = {isa = PBXBuildFile; fileRef = 8481748725B0944D0017ADDA /* RotatedBadgeSymbol.swift */; };
		8481748F25B096D10017ADDA /* Badge.swift in Sources */ = {isa = PBXBuildFile; fileRef = 8481748E25B096D10017ADDA /* Badge.swift */; };
		8481749025B096D10017ADDA /* Badge.swift in Sources */ = {isa = PBXBuildFile; fileRef = 8481748E25B096D10017ADDA /* Badge.swift */; };
		8481749825B09F0B0017ADDA /* Hike.swift in Sources */ = {isa = PBXBuildFile; fileRef = 8481749725B09F0B0017ADDA /* Hike.swift */; };
		8481749925B09F0B0017ADDA /* Hike.swift in Sources */ = {isa = PBXBuildFile; fileRef = 8481749725B09F0B0017ADDA /* Hike.swift */; };
		8481749F25B0A0560017ADDA /* hikeData.json in Resources */ = {isa = PBXBuildFile; fileRef = 8481749E25B0A0560017ADDA /* hikeData.json */; };
		848174A025B0A0560017ADDA /* hikeData.json in Resources */ = {isa = PBXBuildFile; fileRef = 8481749E25B0A0560017ADDA /* hikeData.json */; };
		848174AD25B0A1500017ADDA /* HikeView.swift in Sources */ = {isa = PBXBuildFile; fileRef = 848174A925B0A1500017ADDA /* HikeView.swift */; };
		848174AE25B0A1500017ADDA /* HikeView.swift in Sources */ = {isa = PBXBuildFile; fileRef = 848174A925B0A1500017ADDA /* HikeView.swift */; };
		848174AF25B0A1500017ADDA /* HikeGraph.swift in Sources */ = {isa = PBXBuildFile; fileRef = 848174AA25B0A1500017ADDA /* HikeGraph.swift */; };
		848174B025B0A1500017ADDA /* HikeGraph.swift in Sources */ = {isa = PBXBuildFile; fileRef = 848174AA25B0A1500017ADDA /* HikeGraph.swift */; };
		848174B125B0A1500017ADDA /* GraphCapsule.swift in Sources */ = {isa = PBXBuildFile; fileRef = 848174AB25B0A1500017ADDA /* GraphCapsule.swift */; };
		848174B225B0A1500017ADDA /* GraphCapsule.swift in Sources */ = {isa = PBXBuildFile; fileRef = 848174AB25B0A1500017ADDA /* GraphCapsule.swift */; };
		848174B325B0A1500017ADDA /* HikeDetail.swift in Sources */ = {isa = PBXBuildFile; fileRef = 848174AC25B0A1500017ADDA /* HikeDetail.swift */; };
		848174B425B0A1500017ADDA /* HikeDetail.swift in Sources */ = {isa = PBXBuildFile; fileRef = 848174AC25B0A1500017ADDA /* HikeDetail.swift */; };
		848174BB25B0AA9E0017ADDA /* CategoryHome.swift in Sources */ = {isa = PBXBuildFile; fileRef = 848174BA25B0AA9E0017ADDA /* CategoryHome.swift */; };
		848174C125B0AC7D0017ADDA /* CategoryRow.swift in Sources */ = {isa = PBXBuildFile; fileRef = 848174C025B0AC7D0017ADDA /* CategoryRow.swift */; };
		848174C725B0AF270017ADDA /* CategoryItem.swift in Sources */ = {isa = PBXBuildFile; fileRef = 848174C625B0AF270017ADDA /* CategoryItem.swift */; };
		848174D125B0B4250017ADDA /* Profile.swift in Sources */ = {isa = PBXBuildFile; fileRef = 848174D025B0B4250017ADDA /* Profile.swift */; };
		848174D725B0B5840017ADDA /* ProfileHost.swift in Sources */ = {isa = PBXBuildFile; fileRef = 848174D625B0B5840017ADDA /* ProfileHost.swift */; };
		848174DE25B0B6250017ADDA /* ProfileSummary.swift in Sources */ = {isa = PBXBuildFile; fileRef = 848174DD25B0B6250017ADDA /* ProfileSummary.swift */; };
		848174F025B0B8230017ADDA /* HikeBadge.swift in Sources */ = {isa = PBXBuildFile; fileRef = 848174EF25B0B8230017ADDA /* HikeBadge.swift */; };
		848174F125B0B8230017ADDA /* HikeBadge.swift in Sources */ = {isa = PBXBuildFile; fileRef = 848174EF25B0B8230017ADDA /* HikeBadge.swift */; };
		848174FB25B0BCD70017ADDA /* ProfileEditor.swift in Sources */ = {isa = PBXBuildFile; fileRef = 848174FA25B0BCD70017ADDA /* ProfileEditor.swift */; };
		8481750125B0EFA40017ADDA /* PageViewController.swift in Sources */ = {isa = PBXBuildFile; fileRef = 8481750025B0EFA40017ADDA /* PageViewController.swift */; };
		8481750725B0F22F0017ADDA /* FeatureCard.swift in Sources */ = {isa = PBXBuildFile; fileRef = 8481750625B0F22F0017ADDA /* FeatureCard.swift */; };
		8481750D25B0F4280017ADDA /* PageView.swift in Sources */ = {isa = PBXBuildFile; fileRef = 8481750C25B0F4280017ADDA /* PageView.swift */; };
		8481751425B0FC210017ADDA /* PageControl.swift in Sources */ = {isa = PBXBuildFile; fileRef = 8481751325B0FC210017ADDA /* PageControl.swift */; };
/* End PBXBuildFile section */

/* Begin PBXContainerItemProxy section */
		848173F325AF46CA0017ADDA /* PBXContainerItemProxy */ = {
			isa = PBXContainerItemProxy;
			containerPortal = 848173D625AF46C80017ADDA /* Project object */;
			proxyType = 1;
			remoteGlobalIDString = 848173E125AF46CA0017ADDA;
			remoteInfo = "SwiftUITest (iOS)";
		};
		848173FE25AF46CA0017ADDA /* PBXContainerItemProxy */ = {
			isa = PBXContainerItemProxy;
			containerPortal = 848173D625AF46C80017ADDA /* Project object */;
			proxyType = 1;
			remoteGlobalIDString = 848173E925AF46CA0017ADDA;
			remoteInfo = "SwiftUITest (macOS)";
		};
/* End PBXContainerItemProxy section */

/* Begin PBXFileReference section */
		848173DB25AF46C80017ADDA /* SwiftUITestApp.swift */ = {isa = PBXFileReference; lastKnownFileType = sourcecode.swift; path = SwiftUITestApp.swift; sourceTree = "<group>"; };
		848173DC25AF46C80017ADDA /* ContentView.swift */ = {isa = PBXFileReference; lastKnownFileType = sourcecode.swift; path = ContentView.swift; sourceTree = "<group>"; };
		848173DD25AF46CA0017ADDA /* Assets.xcassets */ = {isa = PBXFileReference; lastKnownFileType = folder.assetcatalog; path = Assets.xcassets; sourceTree = "<group>"; };
		848173E225AF46CA0017ADDA /* SwiftUITest.app */ = {isa = PBXFileReference; explicitFileType = wrapper.application; includeInIndex = 0; path = SwiftUITest.app; sourceTree = BUILT_PRODUCTS_DIR; };
		848173E525AF46CA0017ADDA /* Info.plist */ = {isa = PBXFileReference; lastKnownFileType = text.plist.xml; path = Info.plist; sourceTree = "<group>"; };
		848173EA25AF46CA0017ADDA /* SwiftUITest.app */ = {isa = PBXFileReference; explicitFileType = wrapper.application; includeInIndex = 0; path = SwiftUITest.app; sourceTree = BUILT_PRODUCTS_DIR; };
		848173EC25AF46CA0017ADDA /* Info.plist */ = {isa = PBXFileReference; lastKnownFileType = text.plist.xml; path = Info.plist; sourceTree = "<group>"; };
		848173ED25AF46CA0017ADDA /* macOS.entitlements */ = {isa = PBXFileReference; lastKnownFileType = text.plist.entitlements; path = macOS.entitlements; sourceTree = "<group>"; };
		848173F225AF46CA0017ADDA /* Tests iOS.xctest */ = {isa = PBXFileReference; explicitFileType = wrapper.cfbundle; includeInIndex = 0; path = "Tests iOS.xctest"; sourceTree = BUILT_PRODUCTS_DIR; };
		848173F625AF46CA0017ADDA /* Tests_iOS.swift */ = {isa = PBXFileReference; lastKnownFileType = sourcecode.swift; path = Tests_iOS.swift; sourceTree = "<group>"; };
		848173F825AF46CA0017ADDA /* Info.plist */ = {isa = PBXFileReference; lastKnownFileType = text.plist.xml; path = Info.plist; sourceTree = "<group>"; };
		848173FD25AF46CA0017ADDA /* Tests macOS.xctest */ = {isa = PBXFileReference; explicitFileType = wrapper.cfbundle; includeInIndex = 0; path = "Tests macOS.xctest"; sourceTree = BUILT_PRODUCTS_DIR; };
		8481740125AF46CA0017ADDA /* Tests_macOS.swift */ = {isa = PBXFileReference; lastKnownFileType = sourcecode.swift; path = Tests_macOS.swift; sourceTree = "<group>"; };
		8481740325AF46CA0017ADDA /* Info.plist */ = {isa = PBXFileReference; lastKnownFileType = text.plist.xml; path = Info.plist; sourceTree = "<group>"; };
		8481742325AF87340017ADDA /* CircleImage.swift */ = {isa = PBXFileReference; lastKnownFileType = sourcecode.swift; path = CircleImage.swift; sourceTree = "<group>"; };
		8481742E25AF88380017ADDA /* MapView.swift */ = {isa = PBXFileReference; lastKnownFileType = sourcecode.swift; path = MapView.swift; sourceTree = "<group>"; };
		8481743525AF8C000017ADDA /* landmarkData.json */ = {isa = PBXFileReference; fileEncoding = 4; lastKnownFileType = text.json; name = landmarkData.json; path = BuildingListsAndNavigation/Resources/landmarkData.json; sourceTree = SOURCE_ROOT; };
		8481743C25AF8C750017ADDA /* Landmark.swift */ = {isa = PBXFileReference; lastKnownFileType = sourcecode.swift; path = Landmark.swift; sourceTree = "<group>"; };
		8481744325AF8E5B0017ADDA /* ModelData.swift */ = {isa = PBXFileReference; lastKnownFileType = sourcecode.swift; path = ModelData.swift; sourceTree = "<group>"; };
		8481744C25AF905A0017ADDA /* LandmarkRow.swift */ = {isa = PBXFileReference; lastKnownFileType = sourcecode.swift; path = LandmarkRow.swift; sourceTree = "<group>"; };
		8481745325AF92090017ADDA /* LandmarkList.swift */ = {isa = PBXFileReference; lastKnownFileType = sourcecode.swift; path = LandmarkList.swift; sourceTree = "<group>"; };
		8481745A25AF94C50017ADDA /* LandmarkDetail.swift */ = {isa = PBXFileReference; lastKnownFileType = sourcecode.swift; path = LandmarkDetail.swift; sourceTree = "<group>"; };
		8481746125B04FB80017ADDA /* FavoriteButton.swift */ = {isa = PBXFileReference; lastKnownFileType = sourcecode.swift; path = FavoriteButton.swift; sourceTree = "<group>"; };
		8481747225B088F40017ADDA /* HexagonParameters.swift */ = {isa = PBXFileReference; lastKnownFileType = sourcecode.swift; path = HexagonParameters.swift; sourceTree = "<group>"; };
		8481747925B089F40017ADDA /* BadgeBackground.swift */ = {isa = PBXFileReference; lastKnownFileType = sourcecode.swift; path = BadgeBackground.swift; sourceTree = "<group>"; };
		8481748025B093580017ADDA /* BadgeSymbol.swift */ = {isa = PBXFileReference; lastKnownFileType = sourcecode.swift; path = BadgeSymbol.swift; sourceTree = "<group>"; };
		8481748725B0944D0017ADDA /* RotatedBadgeSymbol.swift */ = {isa = PBXFileReference; lastKnownFileType = sourcecode.swift; path = RotatedBadgeSymbol.swift; sourceTree = "<group>"; };
		8481748E25B096D10017ADDA /* Badge.swift */ = {isa = PBXFileReference; lastKnownFileType = sourcecode.swift; path = Badge.swift; sourceTree = "<group>"; };
		8481749725B09F0B0017ADDA /* Hike.swift */ = {isa = PBXFileReference; lastKnownFileType = sourcecode.swift; path = Hike.swift; sourceTree = "<group>"; };
		8481749E25B0A0560017ADDA /* hikeData.json */ = {isa = PBXFileReference; fileEncoding = 4; lastKnownFileType = text.json; name = hikeData.json; path = AnimatingViewsAndTransitions/Resources/hikeData.json; sourceTree = SOURCE_ROOT; };
		848174A925B0A1500017ADDA /* HikeView.swift */ = {isa = PBXFileReference; fileEncoding = 4; lastKnownFileType = sourcecode.swift; name = HikeView.swift; path = AnimatingViewsAndTransitions/Resources/Hikes/HikeView.swift; sourceTree = SOURCE_ROOT; };
		848174AA25B0A1500017ADDA /* HikeGraph.swift */ = {isa = PBXFileReference; fileEncoding = 4; lastKnownFileType = sourcecode.swift; name = HikeGraph.swift; path = AnimatingViewsAndTransitions/Resources/Hikes/HikeGraph.swift; sourceTree = SOURCE_ROOT; };
		848174AB25B0A1500017ADDA /* GraphCapsule.swift */ = {isa = PBXFileReference; fileEncoding = 4; lastKnownFileType = sourcecode.swift; name = GraphCapsule.swift; path = AnimatingViewsAndTransitions/Resources/Hikes/GraphCapsule.swift; sourceTree = SOURCE_ROOT; };
		848174AC25B0A1500017ADDA /* HikeDetail.swift */ = {isa = PBXFileReference; fileEncoding = 4; lastKnownFileType = sourcecode.swift; name = HikeDetail.swift; path = AnimatingViewsAndTransitions/Resources/Hikes/HikeDetail.swift; sourceTree = SOURCE_ROOT; };
		848174BA25B0AA9E0017ADDA /* CategoryHome.swift */ = {isa = PBXFileReference; lastKnownFileType = sourcecode.swift; path = CategoryHome.swift; sourceTree = "<group>"; };
		848174C025B0AC7D0017ADDA /* CategoryRow.swift */ = {isa = PBXFileReference; lastKnownFileType = sourcecode.swift; path = CategoryRow.swift; sourceTree = "<group>"; };
		848174C625B0AF270017ADDA /* CategoryItem.swift */ = {isa = PBXFileReference; lastKnownFileType = sourcecode.swift; path = CategoryItem.swift; sourceTree = "<group>"; };
		848174D025B0B4250017ADDA /* Profile.swift */ = {isa = PBXFileReference; lastKnownFileType = sourcecode.swift; path = Profile.swift; sourceTree = "<group>"; };
		848174D625B0B5840017ADDA /* ProfileHost.swift */ = {isa = PBXFileReference; lastKnownFileType = sourcecode.swift; path = ProfileHost.swift; sourceTree = "<group>"; };
		848174DD25B0B6250017ADDA /* ProfileSummary.swift */ = {isa = PBXFileReference; lastKnownFileType = sourcecode.swift; path = ProfileSummary.swift; sourceTree = "<group>"; };
		848174EF25B0B8230017ADDA /* HikeBadge.swift */ = {isa = PBXFileReference; lastKnownFileType = sourcecode.swift; path = HikeBadge.swift; sourceTree = "<group>"; };
		848174FA25B0BCD70017ADDA /* ProfileEditor.swift */ = {isa = PBXFileReference; lastKnownFileType = sourcecode.swift; path = ProfileEditor.swift; sourceTree = "<group>"; };
		8481750025B0EFA40017ADDA /* PageViewController.swift */ = {isa = PBXFileReference; lastKnownFileType = sourcecode.swift; path = PageViewController.swift; sourceTree = "<group>"; };
		8481750625B0F22F0017ADDA /* FeatureCard.swift */ = {isa = PBXFileReference; lastKnownFileType = sourcecode.swift; path = FeatureCard.swift; sourceTree = "<group>"; };
		8481750C25B0F4280017ADDA /* PageView.swift */ = {isa = PBXFileReference; lastKnownFileType = sourcecode.swift; path = PageView.swift; sourceTree = "<group>"; };
		8481751325B0FC210017ADDA /* PageControl.swift */ = {isa = PBXFileReference; lastKnownFileType = sourcecode.swift; path = PageControl.swift; sourceTree = "<group>"; };
/* End PBXFileReference section */

/* Begin PBXFrameworksBuildPhase section */
		848173DF25AF46CA0017ADDA /* Frameworks */ = {
			isa = PBXFrameworksBuildPhase;
			buildActionMask = 2147483647;
			files = (
			);
			runOnlyForDeploymentPostprocessing = 0;
		};
		848173E725AF46CA0017ADDA /* Frameworks */ = {
			isa = PBXFrameworksBuildPhase;
			buildActionMask = 2147483647;
			files = (
			);
			runOnlyForDeploymentPostprocessing = 0;
		};
		848173EF25AF46CA0017ADDA /* Frameworks */ = {
			isa = PBXFrameworksBuildPhase;
			buildActionMask = 2147483647;
			files = (
			);
			runOnlyForDeploymentPostprocessing = 0;
		};
		848173FA25AF46CA0017ADDA /* Frameworks */ = {
			isa = PBXFrameworksBuildPhase;
			buildActionMask = 2147483647;
			files = (
			);
			runOnlyForDeploymentPostprocessing = 0;
		};
/* End PBXFrameworksBuildPhase section */

/* Begin PBXGroup section */
		848173D525AF46C80017ADDA = {
			isa = PBXGroup;
			children = (
				848173DA25AF46C80017ADDA /* Shared */,
				848173E425AF46CA0017ADDA /* iOS */,
				848173EB25AF46CA0017ADDA /* macOS */,
				848173F525AF46CA0017ADDA /* Tests iOS */,
				8481740025AF46CA0017ADDA /* Tests macOS */,
				848173E325AF46CA0017ADDA /* Products */,
			);
			sourceTree = "<group>";
		};
		848173DA25AF46C80017ADDA /* Shared */ = {
			isa = PBXGroup;
			children = (
				848174B925B0AA800017ADDA /* Category */,
				8481749625B09EF40017ADDA /* Hikes */,
				8481744B25AF8FFD0017ADDA /* View */,
				8481744A25AF8FEA0017ADDA /* Model */,
				848173DB25AF46C80017ADDA /* SwiftUITestApp.swift */,
				848173DD25AF46CA0017ADDA /* Assets.xcassets */,
				8481749E25B0A0560017ADDA /* hikeData.json */,
				8481743525AF8C000017ADDA /* landmarkData.json */,
			);
			path = Shared;
			sourceTree = "<group>";
		};
		848173E325AF46CA0017ADDA /* Products */ = {
			isa = PBXGroup;
			children = (
				848173E225AF46CA0017ADDA /* SwiftUITest.app */,
				848173EA25AF46CA0017ADDA /* SwiftUITest.app */,
				848173F225AF46CA0017ADDA /* Tests iOS.xctest */,
				848173FD25AF46CA0017ADDA /* Tests macOS.xctest */,
			);
			name = Products;
			sourceTree = "<group>";
		};
		848173E425AF46CA0017ADDA /* iOS */ = {
			isa = PBXGroup;
			children = (
				848173E525AF46CA0017ADDA /* Info.plist */,
			);
			path = iOS;
			sourceTree = "<group>";
		};
		848173EB25AF46CA0017ADDA /* macOS */ = {
			isa = PBXGroup;
			children = (
				848173EC25AF46CA0017ADDA /* Info.plist */,
				848173ED25AF46CA0017ADDA /* macOS.entitlements */,
			);
			path = macOS;
			sourceTree = "<group>";
		};
		848173F525AF46CA0017ADDA /* Tests iOS */ = {
			isa = PBXGroup;
			children = (
				848173F625AF46CA0017ADDA /* Tests_iOS.swift */,
				848173F825AF46CA0017ADDA /* Info.plist */,
			);
			path = "Tests iOS";
			sourceTree = "<group>";
		};
		8481740025AF46CA0017ADDA /* Tests macOS */ = {
			isa = PBXGroup;
			children = (
				8481740125AF46CA0017ADDA /* Tests_macOS.swift */,
				8481740325AF46CA0017ADDA /* Info.plist */,
			);
			path = "Tests macOS";
			sourceTree = "<group>";
		};
		8481744A25AF8FEA0017ADDA /* Model */ = {
			isa = PBXGroup;
			children = (
				8481743C25AF8C750017ADDA /* Landmark.swift */,
				8481744325AF8E5B0017ADDA /* ModelData.swift */,
				848174D025B0B4250017ADDA /* Profile.swift */,
			);
			path = Model;
			sourceTree = "<group>";
		};
		8481744B25AF8FFD0017ADDA /* View */ = {
			isa = PBXGroup;
			children = (
				8481751225B0FBEE0017ADDA /* PageController */,
				848174DC25B0B6120017ADDA /* Profiles */,
				8481749525B098EC0017ADDA /* Badges */,
				8481746925B0505E0017ADDA /* Helpers */,
				8481746825B050590017ADDA /* Landmarks */,
				848173DC25AF46C80017ADDA /* ContentView.swift */,
			);
			path = View;
			sourceTree = "<group>";
		};
		8481746825B050590017ADDA /* Landmarks */ = {
			isa = PBXGroup;
			children = (
				8481744C25AF905A0017ADDA /* LandmarkRow.swift */,
				8481745325AF92090017ADDA /* LandmarkList.swift */,
				8481745A25AF94C50017ADDA /* LandmarkDetail.swift */,
			);
			path = Landmarks;
			sourceTree = "<group>";
		};
		8481746925B0505E0017ADDA /* Helpers */ = {
			isa = PBXGroup;
			children = (
				8481742E25AF88380017ADDA /* MapView.swift */,
				8481742325AF87340017ADDA /* CircleImage.swift */,
				8481746125B04FB80017ADDA /* FavoriteButton.swift */,
			);
			path = Helpers;
			sourceTree = "<group>";
		};
		8481749525B098EC0017ADDA /* Badges */ = {
			isa = PBXGroup;
			children = (
				8481747225B088F40017ADDA /* HexagonParameters.swift */,
				8481747925B089F40017ADDA /* BadgeBackground.swift */,
				8481748025B093580017ADDA /* BadgeSymbol.swift */,
				8481748725B0944D0017ADDA /* RotatedBadgeSymbol.swift */,
				8481748E25B096D10017ADDA /* Badge.swift */,
				848174EF25B0B8230017ADDA /* HikeBadge.swift */,
			);
			path = Badges;
			sourceTree = "<group>";
		};
		8481749625B09EF40017ADDA /* Hikes */ = {
			isa = PBXGroup;
			children = (
				848174AB25B0A1500017ADDA /* GraphCapsule.swift */,
				848174AC25B0A1500017ADDA /* HikeDetail.swift */,
				848174AA25B0A1500017ADDA /* HikeGraph.swift */,
				848174A925B0A1500017ADDA /* HikeView.swift */,
				8481749725B09F0B0017ADDA /* Hike.swift */,
			);
			path = Hikes;
			sourceTree = "<group>";
		};
		848174B925B0AA800017ADDA /* Category */ = {
			isa = PBXGroup;
			children = (
				848174BA25B0AA9E0017ADDA /* CategoryHome.swift */,
				848174C025B0AC7D0017ADDA /* CategoryRow.swift */,
				848174C625B0AF270017ADDA /* CategoryItem.swift */,
			);
			path = Category;
			sourceTree = "<group>";
		};
		848174DC25B0B6120017ADDA /* Profiles */ = {
			isa = PBXGroup;
			children = (
				848174D625B0B5840017ADDA /* ProfileHost.swift */,
				848174DD25B0B6250017ADDA /* ProfileSummary.swift */,
				848174FA25B0BCD70017ADDA /* ProfileEditor.swift */,
			);
			path = Profiles;
			sourceTree = "<group>";
		};
		8481751225B0FBEE0017ADDA /* PageController */ = {
			isa = PBXGroup;
			children = (
				8481750625B0F22F0017ADDA /* FeatureCard.swift */,
				8481750025B0EFA40017ADDA /* PageViewController.swift */,
				8481750C25B0F4280017ADDA /* PageView.swift */,
				8481751325B0FC210017ADDA /* PageControl.swift */,
			);
			path = PageController;
			sourceTree = "<group>";
		};
/* End PBXGroup section */

/* Begin PBXNativeTarget section */
		848173E125AF46CA0017ADDA /* SwiftUITest (iOS) */ = {
			isa = PBXNativeTarget;
			buildConfigurationList = 8481740C25AF46CA0017ADDA /* Build configuration list for PBXNativeTarget "SwiftUITest (iOS)" */;
			buildPhases = (
				848173DE25AF46CA0017ADDA /* Sources */,
				848173DF25AF46CA0017ADDA /* Frameworks */,
				848173E025AF46CA0017ADDA /* Resources */,
			);
			buildRules = (
			);
			dependencies = (
			);
			name = "SwiftUITest (iOS)";
			productName = "SwiftUITest (iOS)";
			productReference = 848173E225AF46CA0017ADDA /* SwiftUITest.app */;
			productType = "com.apple.product-type.application";
		};
		848173E925AF46CA0017ADDA /* SwiftUITest (macOS) */ = {
			isa = PBXNativeTarget;
			buildConfigurationList = 8481740F25AF46CA0017ADDA /* Build configuration list for PBXNativeTarget "SwiftUITest (macOS)" */;
			buildPhases = (
				848173E625AF46CA0017ADDA /* Sources */,
				848173E725AF46CA0017ADDA /* Frameworks */,
				848173E825AF46CA0017ADDA /* Resources */,
			);
			buildRules = (
			);
			dependencies = (
			);
			name = "SwiftUITest (macOS)";
			productName = "SwiftUITest (macOS)";
			productReference = 848173EA25AF46CA0017ADDA /* SwiftUITest.app */;
			productType = "com.apple.product-type.application";
		};
		848173F125AF46CA0017ADDA /* Tests iOS */ = {
			isa = PBXNativeTarget;
			buildConfigurationList = 8481741225AF46CA0017ADDA /* Build configuration list for PBXNativeTarget "Tests iOS" */;
			buildPhases = (
				848173EE25AF46CA0017ADDA /* Sources */,
				848173EF25AF46CA0017ADDA /* Frameworks */,
				848173F025AF46CA0017ADDA /* Resources */,
			);
			buildRules = (
			);
			dependencies = (
				848173F425AF46CA0017ADDA /* PBXTargetDependency */,
			);
			name = "Tests iOS";
			productName = "Tests iOS";
			productReference = 848173F225AF46CA0017ADDA /* Tests iOS.xctest */;
			productType = "com.apple.product-type.bundle.ui-testing";
		};
		848173FC25AF46CA0017ADDA /* Tests macOS */ = {
			isa = PBXNativeTarget;
			buildConfigurationList = 8481741525AF46CA0017ADDA /* Build configuration list for PBXNativeTarget "Tests macOS" */;
			buildPhases = (
				848173F925AF46CA0017ADDA /* Sources */,
				848173FA25AF46CA0017ADDA /* Frameworks */,
				848173FB25AF46CA0017ADDA /* Resources */,
			);
			buildRules = (
			);
			dependencies = (
				848173FF25AF46CA0017ADDA /* PBXTargetDependency */,
			);
			name = "Tests macOS";
			productName = "Tests macOS";
			productReference = 848173FD25AF46CA0017ADDA /* Tests macOS.xctest */;
			productType = "com.apple.product-type.bundle.ui-testing";
		};
/* End PBXNativeTarget section */

/* Begin PBXProject section */
		848173D625AF46C80017ADDA /* Project object */ = {
			isa = PBXProject;
			attributes = {
				LastSwiftUpdateCheck = 1230;
				LastUpgradeCheck = 1230;
				TargetAttributes = {
					848173E125AF46CA0017ADDA = {
						CreatedOnToolsVersion = 12.3;
					};
					848173E925AF46CA0017ADDA = {
						CreatedOnToolsVersion = 12.3;
					};
					848173F125AF46CA0017ADDA = {
						CreatedOnToolsVersion = 12.3;
						TestTargetID = 848173E125AF46CA0017ADDA;
					};
					848173FC25AF46CA0017ADDA = {
						CreatedOnToolsVersion = 12.3;
						TestTargetID = 848173E925AF46CA0017ADDA;
					};
				};
			};
			buildConfigurationList = 848173D925AF46C80017ADDA /* Build configuration list for PBXProject "SwiftUITest" */;
			compatibilityVersion = "Xcode 9.3";
			developmentRegion = en;
			hasScannedForEncodings = 0;
			knownRegions = (
				en,
				Base,
			);
			mainGroup = 848173D525AF46C80017ADDA;
			productRefGroup = 848173E325AF46CA0017ADDA /* Products */;
			projectDirPath = "";
			projectRoot = "";
			targets = (
				848173E125AF46CA0017ADDA /* SwiftUITest (iOS) */,
				848173E925AF46CA0017ADDA /* SwiftUITest (macOS) */,
				848173F125AF46CA0017ADDA /* Tests iOS */,
				848173FC25AF46CA0017ADDA /* Tests macOS */,
			);
		};
/* End PBXProject section */

/* Begin PBXResourcesBuildPhase section */
		848173E025AF46CA0017ADDA /* Resources */ = {
			isa = PBXResourcesBuildPhase;
			buildActionMask = 2147483647;
			files = (
				8481740825AF46CA0017ADDA /* Assets.xcassets in Resources */,
				8481749F25B0A0560017ADDA /* hikeData.json in Resources */,
				8481743625AF8C000017ADDA /* landmarkData.json in Resources */,
			);
			runOnlyForDeploymentPostprocessing = 0;
		};
		848173E825AF46CA0017ADDA /* Resources */ = {
			isa = PBXResourcesBuildPhase;
			buildActionMask = 2147483647;
			files = (
				8481740925AF46CA0017ADDA /* Assets.xcassets in Resources */,
				848174A025B0A0560017ADDA /* hikeData.json in Resources */,
				8481743725AF8C000017ADDA /* landmarkData.json in Resources */,
			);
			runOnlyForDeploymentPostprocessing = 0;
		};
		848173F025AF46CA0017ADDA /* Resources */ = {
			isa = PBXResourcesBuildPhase;
			buildActionMask = 2147483647;
			files = (
			);
			runOnlyForDeploymentPostprocessing = 0;
		};
		848173FB25AF46CA0017ADDA /* Resources */ = {
			isa = PBXResourcesBuildPhase;
			buildActionMask = 2147483647;
			files = (
			);
			runOnlyForDeploymentPostprocessing = 0;
		};
/* End PBXResourcesBuildPhase section */

/* Begin PBXSourcesBuildPhase section */
		848173DE25AF46CA0017ADDA /* Sources */ = {
			isa = PBXSourcesBuildPhase;
			buildActionMask = 2147483647;
			files = (
				848174C125B0AC7D0017ADDA /* CategoryRow.swift in Sources */,
				848174D125B0B4250017ADDA /* Profile.swift in Sources */,
				8481740625AF46CA0017ADDA /* ContentView.swift in Sources */,
				848174BB25B0AA9E0017ADDA /* CategoryHome.swift in Sources */,
				8481750725B0F22F0017ADDA /* FeatureCard.swift in Sources */,
				848174AF25B0A1500017ADDA /* HikeGraph.swift in Sources */,
				8481748F25B096D10017ADDA /* Badge.swift in Sources */,
				8481742F25AF88380017ADDA /* MapView.swift in Sources */,
				8481742425AF87340017ADDA /* CircleImage.swift in Sources */,
				8481746225B04FB80017ADDA /* FavoriteButton.swift in Sources */,
				8481751425B0FC210017ADDA /* PageControl.swift in Sources */,
				848174AD25B0A1500017ADDA /* HikeView.swift in Sources */,
				848174C725B0AF270017ADDA /* CategoryItem.swift in Sources */,
				8481747325B088F40017ADDA /* HexagonParameters.swift in Sources */,
				848174DE25B0B6250017ADDA /* ProfileSummary.swift in Sources */,
				8481749825B09F0B0017ADDA /* Hike.swift in Sources */,
				848174D725B0B5840017ADDA /* ProfileHost.swift in Sources */,
				8481748825B0944D0017ADDA /* RotatedBadgeSymbol.swift in Sources */,
				8481748125B093580017ADDA /* BadgeSymbol.swift in Sources */,
				8481750D25B0F4280017ADDA /* PageView.swift in Sources */,
				8481745425AF92090017ADDA /* LandmarkList.swift in Sources */,
				848174FB25B0BCD70017ADDA /* ProfileEditor.swift in Sources */,
				8481745B25AF94C50017ADDA /* LandmarkDetail.swift in Sources */,
				8481747A25B089F40017ADDA /* BadgeBackground.swift in Sources */,
				8481740425AF46CA0017ADDA /* SwiftUITestApp.swift in Sources */,
				8481750125B0EFA40017ADDA /* PageViewController.swift in Sources */,
				8481743D25AF8C750017ADDA /* Landmark.swift in Sources */,
				848174F025B0B8230017ADDA /* HikeBadge.swift in Sources */,
				8481744D25AF905A0017ADDA /* LandmarkRow.swift in Sources */,
				848174B125B0A1500017ADDA /* GraphCapsule.swift in Sources */,
				8481744425AF8E5B0017ADDA /* ModelData.swift in Sources */,
				848174B325B0A1500017ADDA /* HikeDetail.swift in Sources */,
			);
			runOnlyForDeploymentPostprocessing = 0;
		};
		848173E625AF46CA0017ADDA /* Sources */ = {
			isa = PBXSourcesBuildPhase;
			buildActionMask = 2147483647;
			files = (
				8481740725AF46CA0017ADDA /* ContentView.swift in Sources */,
				848174B025B0A1500017ADDA /* HikeGraph.swift in Sources */,
				8481749025B096D10017ADDA /* Badge.swift in Sources */,
				8481743025AF88380017ADDA /* MapView.swift in Sources */,
				8481742525AF87340017ADDA /* CircleImage.swift in Sources */,
				8481746325B04FB80017ADDA /* FavoriteButton.swift in Sources */,
				848174AE25B0A1500017ADDA /* HikeView.swift in Sources */,
				8481747425B088F40017ADDA /* HexagonParameters.swift in Sources */,
				8481749925B09F0B0017ADDA /* Hike.swift in Sources */,
				8481748925B0944D0017ADDA /* RotatedBadgeSymbol.swift in Sources */,
				8481748225B093580017ADDA /* BadgeSymbol.swift in Sources */,
				8481745525AF92090017ADDA /* LandmarkList.swift in Sources */,
				8481745C25AF94C50017ADDA /* LandmarkDetail.swift in Sources */,
				848174F125B0B8230017ADDA /* HikeBadge.swift in Sources */,
				8481747B25B089F40017ADDA /* BadgeBackground.swift in Sources */,
				8481740525AF46CA0017ADDA /* SwiftUITestApp.swift in Sources */,
				8481743E25AF8C750017ADDA /* Landmark.swift in Sources */,
				8481744E25AF905A0017ADDA /* LandmarkRow.swift in Sources */,
				848174B225B0A1500017ADDA /* GraphCapsule.swift in Sources */,
				8481744525AF8E5B0017ADDA /* ModelData.swift in Sources */,
				848174B425B0A1500017ADDA /* HikeDetail.swift in Sources */,
			);
			runOnlyForDeploymentPostprocessing = 0;
		};
		848173EE25AF46CA0017ADDA /* Sources */ = {
			isa = PBXSourcesBuildPhase;
			buildActionMask = 2147483647;
			files = (
				848173F725AF46CA0017ADDA /* Tests_iOS.swift in Sources */,
			);
			runOnlyForDeploymentPostprocessing = 0;
		};
		848173F925AF46CA0017ADDA /* Sources */ = {
			isa = PBXSourcesBuildPhase;
			buildActionMask = 2147483647;
			files = (
				8481740225AF46CA0017ADDA /* Tests_macOS.swift in Sources */,
			);
			runOnlyForDeploymentPostprocessing = 0;
		};
/* End PBXSourcesBuildPhase section */

/* Begin PBXTargetDependency section */
		848173F425AF46CA0017ADDA /* PBXTargetDependency */ = {
			isa = PBXTargetDependency;
			target = 848173E125AF46CA0017ADDA /* SwiftUITest (iOS) */;
			targetProxy = 848173F325AF46CA0017ADDA /* PBXContainerItemProxy */;
		};
		848173FF25AF46CA0017ADDA /* PBXTargetDependency */ = {
			isa = PBXTargetDependency;
			target = 848173E925AF46CA0017ADDA /* SwiftUITest (macOS) */;
			targetProxy = 848173FE25AF46CA0017ADDA /* PBXContainerItemProxy */;
		};
/* End PBXTargetDependency section */

/* Begin XCBuildConfiguration section */
		8481740A25AF46CA0017ADDA /* Debug */ = {
			isa = XCBuildConfiguration;
			buildSettings = {
				ALWAYS_SEARCH_USER_PATHS = NO;
				CLANG_ANALYZER_NONNULL = YES;
				CLANG_ANALYZER_NUMBER_OBJECT_CONVERSION = YES_AGGRESSIVE;
				CLANG_CXX_LANGUAGE_STANDARD = "gnu++14";
				CLANG_CXX_LIBRARY = "libc++";
				CLANG_ENABLE_MODULES = YES;
				CLANG_ENABLE_OBJC_ARC = YES;
				CLANG_ENABLE_OBJC_WEAK = YES;
				CLANG_WARN_BLOCK_CAPTURE_AUTORELEASING = YES;
				CLANG_WARN_BOOL_CONVERSION = YES;
				CLANG_WARN_COMMA = YES;
				CLANG_WARN_CONSTANT_CONVERSION = YES;
				CLANG_WARN_DEPRECATED_OBJC_IMPLEMENTATIONS = YES;
				CLANG_WARN_DIRECT_OBJC_ISA_USAGE = YES_ERROR;
				CLANG_WARN_DOCUMENTATION_COMMENTS = YES;
				CLANG_WARN_EMPTY_BODY = YES;
				CLANG_WARN_ENUM_CONVERSION = YES;
				CLANG_WARN_INFINITE_RECURSION = YES;
				CLANG_WARN_INT_CONVERSION = YES;
				CLANG_WARN_NON_LITERAL_NULL_CONVERSION = YES;
				CLANG_WARN_OBJC_IMPLICIT_RETAIN_SELF = YES;
				CLANG_WARN_OBJC_LITERAL_CONVERSION = YES;
				CLANG_WARN_OBJC_ROOT_CLASS = YES_ERROR;
				CLANG_WARN_QUOTED_INCLUDE_IN_FRAMEWORK_HEADER = YES;
				CLANG_WARN_RANGE_LOOP_ANALYSIS = YES;
				CLANG_WARN_STRICT_PROTOTYPES = YES;
				CLANG_WARN_SUSPICIOUS_MOVE = YES;
				CLANG_WARN_UNGUARDED_AVAILABILITY = YES_AGGRESSIVE;
				CLANG_WARN_UNREACHABLE_CODE = YES;
				CLANG_WARN__DUPLICATE_METHOD_MATCH = YES;
				COPY_PHASE_STRIP = NO;
				DEBUG_INFORMATION_FORMAT = dwarf;
				ENABLE_STRICT_OBJC_MSGSEND = YES;
				ENABLE_TESTABILITY = YES;
				GCC_C_LANGUAGE_STANDARD = gnu11;
				GCC_DYNAMIC_NO_PIC = NO;
				GCC_NO_COMMON_BLOCKS = YES;
				GCC_OPTIMIZATION_LEVEL = 0;
				GCC_PREPROCESSOR_DEFINITIONS = (
					"DEBUG=1",
					"$(inherited)",
				);
				GCC_WARN_64_TO_32_BIT_CONVERSION = YES;
				GCC_WARN_ABOUT_RETURN_TYPE = YES_ERROR;
				GCC_WARN_UNDECLARED_SELECTOR = YES;
				GCC_WARN_UNINITIALIZED_AUTOS = YES_AGGRESSIVE;
				GCC_WARN_UNUSED_FUNCTION = YES;
				GCC_WARN_UNUSED_VARIABLE = YES;
				MTL_ENABLE_DEBUG_INFO = INCLUDE_SOURCE;
				MTL_FAST_MATH = YES;
				ONLY_ACTIVE_ARCH = YES;
				SWIFT_ACTIVE_COMPILATION_CONDITIONS = DEBUG;
				SWIFT_OPTIMIZATION_LEVEL = "-Onone";
			};
			name = Debug;
		};
		8481740B25AF46CA0017ADDA /* Release */ = {
			isa = XCBuildConfiguration;
			buildSettings = {
				ALWAYS_SEARCH_USER_PATHS = NO;
				CLANG_ANALYZER_NONNULL = YES;
				CLANG_ANALYZER_NUMBER_OBJECT_CONVERSION = YES_AGGRESSIVE;
				CLANG_CXX_LANGUAGE_STANDARD = "gnu++14";
				CLANG_CXX_LIBRARY = "libc++";
				CLANG_ENABLE_MODULES = YES;
				CLANG_ENABLE_OBJC_ARC = YES;
				CLANG_ENABLE_OBJC_WEAK = YES;
				CLANG_WARN_BLOCK_CAPTURE_AUTORELEASING = YES;
				CLANG_WARN_BOOL_CONVERSION = YES;
				CLANG_WARN_COMMA = YES;
				CLANG_WARN_CONSTANT_CONVERSION = YES;
				CLANG_WARN_DEPRECATED_OBJC_IMPLEMENTATIONS = YES;
				CLANG_WARN_DIRECT_OBJC_ISA_USAGE = YES_ERROR;
				CLANG_WARN_DOCUMENTATION_COMMENTS = YES;
				CLANG_WARN_EMPTY_BODY = YES;
				CLANG_WARN_ENUM_CONVERSION = YES;
				CLANG_WARN_INFINITE_RECURSION = YES;
				CLANG_WARN_INT_CONVERSION = YES;
				CLANG_WARN_NON_LITERAL_NULL_CONVERSION = YES;
				CLANG_WARN_OBJC_IMPLICIT_RETAIN_SELF = YES;
				CLANG_WARN_OBJC_LITERAL_CONVERSION = YES;
				CLANG_WARN_OBJC_ROOT_CLASS = YES_ERROR;
				CLANG_WARN_QUOTED_INCLUDE_IN_FRAMEWORK_HEADER = YES;
				CLANG_WARN_RANGE_LOOP_ANALYSIS = YES;
				CLANG_WARN_STRICT_PROTOTYPES = YES;
				CLANG_WARN_SUSPICIOUS_MOVE = YES;
				CLANG_WARN_UNGUARDED_AVAILABILITY = YES_AGGRESSIVE;
				CLANG_WARN_UNREACHABLE_CODE = YES;
				CLANG_WARN__DUPLICATE_METHOD_MATCH = YES;
				COPY_PHASE_STRIP = NO;
				DEBUG_INFORMATION_FORMAT = "dwarf-with-dsym";
				ENABLE_NS_ASSERTIONS = NO;
				ENABLE_STRICT_OBJC_MSGSEND = YES;
				GCC_C_LANGUAGE_STANDARD = gnu11;
				GCC_NO_COMMON_BLOCKS = YES;
				GCC_WARN_64_TO_32_BIT_CONVERSION = YES;
				GCC_WARN_ABOUT_RETURN_TYPE = YES_ERROR;
				GCC_WARN_UNDECLARED_SELECTOR = YES;
				GCC_WARN_UNINITIALIZED_AUTOS = YES_AGGRESSIVE;
				GCC_WARN_UNUSED_FUNCTION = YES;
				GCC_WARN_UNUSED_VARIABLE = YES;
				MTL_ENABLE_DEBUG_INFO = NO;
				MTL_FAST_MATH = YES;
				SWIFT_COMPILATION_MODE = wholemodule;
				SWIFT_OPTIMIZATION_LEVEL = "-O";
			};
			name = Release;
		};
		8481740D25AF46CA0017ADDA /* Debug */ = {
			isa = XCBuildConfiguration;
			buildSettings = {
				ASSETCATALOG_COMPILER_APPICON_NAME = AppIcon;
				ASSETCATALOG_COMPILER_GLOBAL_ACCENT_COLOR_NAME = AccentColor;
				CODE_SIGN_STYLE = Automatic;
				DEVELOPMENT_TEAM = JQQ7VLQ9KT;
				ENABLE_PREVIEWS = YES;
				INFOPLIST_FILE = iOS/Info.plist;
				IPHONEOS_DEPLOYMENT_TARGET = 14.0;
				LD_RUNPATH_SEARCH_PATHS = (
					"$(inherited)",
					"@executable_path/Frameworks",
				);
				PRODUCT_BUNDLE_IDENTIFIER = "c-mieux.com.SwiftUITest";
				PRODUCT_NAME = SwiftUITest;
				SDKROOT = iphoneos;
				SWIFT_VERSION = 5.0;
				TARGETED_DEVICE_FAMILY = "1,2";
			};
			name = Debug;
		};
		8481740E25AF46CA0017ADDA /* Release */ = {
			isa = XCBuildConfiguration;
			buildSettings = {
				ASSETCATALOG_COMPILER_APPICON_NAME = AppIcon;
				ASSETCATALOG_COMPILER_GLOBAL_ACCENT_COLOR_NAME = AccentColor;
				CODE_SIGN_STYLE = Automatic;
				DEVELOPMENT_TEAM = JQQ7VLQ9KT;
				ENABLE_PREVIEWS = YES;
				INFOPLIST_FILE = iOS/Info.plist;
				IPHONEOS_DEPLOYMENT_TARGET = 14.0;
				LD_RUNPATH_SEARCH_PATHS = (
					"$(inherited)",
					"@executable_path/Frameworks",
				);
				PRODUCT_BUNDLE_IDENTIFIER = "c-mieux.com.SwiftUITest";
				PRODUCT_NAME = SwiftUITest;
				SDKROOT = iphoneos;
				SWIFT_VERSION = 5.0;
				TARGETED_DEVICE_FAMILY = "1,2";
				VALIDATE_PRODUCT = YES;
			};
			name = Release;
		};
		8481741025AF46CA0017ADDA /* Debug */ = {
			isa = XCBuildConfiguration;
			buildSettings = {
				ASSETCATALOG_COMPILER_APPICON_NAME = AppIcon;
				ASSETCATALOG_COMPILER_GLOBAL_ACCENT_COLOR_NAME = AccentColor;
				CODE_SIGN_ENTITLEMENTS = macOS/macOS.entitlements;
				CODE_SIGN_STYLE = Automatic;
				COMBINE_HIDPI_IMAGES = YES;
				DEVELOPMENT_TEAM = JQQ7VLQ9KT;
				ENABLE_HARDENED_RUNTIME = YES;
				ENABLE_PREVIEWS = YES;
				INFOPLIST_FILE = macOS/Info.plist;
				LD_RUNPATH_SEARCH_PATHS = (
					"$(inherited)",
					"@executable_path/../Frameworks",
				);
				MACOSX_DEPLOYMENT_TARGET = 11.0;
				PRODUCT_BUNDLE_IDENTIFIER = "c-mieux.com.SwiftUITest";
				PRODUCT_NAME = SwiftUITest;
				SDKROOT = macosx;
				SWIFT_VERSION = 5.0;
			};
			name = Debug;
		};
		8481741125AF46CA0017ADDA /* Release */ = {
			isa = XCBuildConfiguration;
			buildSettings = {
				ASSETCATALOG_COMPILER_APPICON_NAME = AppIcon;
				ASSETCATALOG_COMPILER_GLOBAL_ACCENT_COLOR_NAME = AccentColor;
				CODE_SIGN_ENTITLEMENTS = macOS/macOS.entitlements;
				CODE_SIGN_STYLE = Automatic;
				COMBINE_HIDPI_IMAGES = YES;
				DEVELOPMENT_TEAM = JQQ7VLQ9KT;
				ENABLE_HARDENED_RUNTIME = YES;
				ENABLE_PREVIEWS = YES;
				INFOPLIST_FILE = macOS/Info.plist;
				LD_RUNPATH_SEARCH_PATHS = (
					"$(inherited)",
					"@executable_path/../Frameworks",
				);
				MACOSX_DEPLOYMENT_TARGET = 11.0;
				PRODUCT_BUNDLE_IDENTIFIER = "c-mieux.com.SwiftUITest";
				PRODUCT_NAME = SwiftUITest;
				SDKROOT = macosx;
				SWIFT_VERSION = 5.0;
			};
			name = Release;
		};
		8481741325AF46CA0017ADDA /* Debug */ = {
			isa = XCBuildConfiguration;
			buildSettings = {
				ALWAYS_EMBED_SWIFT_STANDARD_LIBRARIES = YES;
				CODE_SIGN_STYLE = Automatic;
				DEVELOPMENT_TEAM = JQQ7VLQ9KT;
				INFOPLIST_FILE = "Tests iOS/Info.plist";
				IPHONEOS_DEPLOYMENT_TARGET = 14.3;
				LD_RUNPATH_SEARCH_PATHS = (
					"$(inherited)",
					"@executable_path/Frameworks",
					"@loader_path/Frameworks",
				);
				PRODUCT_BUNDLE_IDENTIFIER = "c-mieux.com.Tests-iOS";
				PRODUCT_NAME = "$(TARGET_NAME)";
				SDKROOT = iphoneos;
				SWIFT_VERSION = 5.0;
				TARGETED_DEVICE_FAMILY = "1,2";
				TEST_TARGET_NAME = "SwiftUITest (iOS)";
			};
			name = Debug;
		};
		8481741425AF46CA0017ADDA /* Release */ = {
			isa = XCBuildConfiguration;
			buildSettings = {
				ALWAYS_EMBED_SWIFT_STANDARD_LIBRARIES = YES;
				CODE_SIGN_STYLE = Automatic;
				DEVELOPMENT_TEAM = JQQ7VLQ9KT;
				INFOPLIST_FILE = "Tests iOS/Info.plist";
				IPHONEOS_DEPLOYMENT_TARGET = 14.3;
				LD_RUNPATH_SEARCH_PATHS = (
					"$(inherited)",
					"@executable_path/Frameworks",
					"@loader_path/Frameworks",
				);
				PRODUCT_BUNDLE_IDENTIFIER = "c-mieux.com.Tests-iOS";
				PRODUCT_NAME = "$(TARGET_NAME)";
				SDKROOT = iphoneos;
				SWIFT_VERSION = 5.0;
				TARGETED_DEVICE_FAMILY = "1,2";
				TEST_TARGET_NAME = "SwiftUITest (iOS)";
				VALIDATE_PRODUCT = YES;
			};
			name = Release;
		};
		8481741625AF46CA0017ADDA /* Debug */ = {
			isa = XCBuildConfiguration;
			buildSettings = {
				ALWAYS_EMBED_SWIFT_STANDARD_LIBRARIES = YES;
				CODE_SIGN_STYLE = Automatic;
				COMBINE_HIDPI_IMAGES = YES;
				DEVELOPMENT_TEAM = JQQ7VLQ9KT;
				INFOPLIST_FILE = "Tests macOS/Info.plist";
				LD_RUNPATH_SEARCH_PATHS = (
					"$(inherited)",
					"@executable_path/../Frameworks",
					"@loader_path/../Frameworks",
				);
				MACOSX_DEPLOYMENT_TARGET = 11.1;
				PRODUCT_BUNDLE_IDENTIFIER = "c-mieux.com.Tests-macOS";
				PRODUCT_NAME = "$(TARGET_NAME)";
				SDKROOT = macosx;
				SWIFT_VERSION = 5.0;
				TEST_TARGET_NAME = "SwiftUITest (macOS)";
			};
			name = Debug;
		};
		8481741725AF46CA0017ADDA /* Release */ = {
			isa = XCBuildConfiguration;
			buildSettings = {
				ALWAYS_EMBED_SWIFT_STANDARD_LIBRARIES = YES;
				CODE_SIGN_STYLE = Automatic;
				COMBINE_HIDPI_IMAGES = YES;
				DEVELOPMENT_TEAM = JQQ7VLQ9KT;
				INFOPLIST_FILE = "Tests macOS/Info.plist";
				LD_RUNPATH_SEARCH_PATHS = (
					"$(inherited)",
					"@executable_path/../Frameworks",
					"@loader_path/../Frameworks",
				);
				MACOSX_DEPLOYMENT_TARGET = 11.1;
				PRODUCT_BUNDLE_IDENTIFIER = "c-mieux.com.Tests-macOS";
				PRODUCT_NAME = "$(TARGET_NAME)";
				SDKROOT = macosx;
				SWIFT_VERSION = 5.0;
				TEST_TARGET_NAME = "SwiftUITest (macOS)";
			};
			name = Release;
		};
/* End XCBuildConfiguration section */

/* Begin XCConfigurationList section */
		848173D925AF46C80017ADDA /* Build configuration list for PBXProject "SwiftUITest" */ = {
			isa = XCConfigurationList;
			buildConfigurations = (
				8481740A25AF46CA0017ADDA /* Debug */,
				8481740B25AF46CA0017ADDA /* Release */,
			);
			defaultConfigurationIsVisible = 0;
			defaultConfigurationName = Release;
		};
		8481740C25AF46CA0017ADDA /* Build configuration list for PBXNativeTarget "SwiftUITest (iOS)" */ = {
			isa = XCConfigurationList;
			buildConfigurations = (
				8481740D25AF46CA0017ADDA /* Debug */,
				8481740E25AF46CA0017ADDA /* Release */,
			);
			defaultConfigurationIsVisible = 0;
			defaultConfigurationName = Release;
		};
		8481740F25AF46CA0017ADDA /* Build configuration list for PBXNativeTarget "SwiftUITest (macOS)" */ = {
			isa = XCConfigurationList;
			buildConfigurations = (
				8481741025AF46CA0017ADDA /* Debug */,
				8481741125AF46CA0017ADDA /* Release */,
			);
			defaultConfigurationIsVisible = 0;
			defaultConfigurationName = Release;
		};
		8481741225AF46CA0017ADDA /* Build configuration list for PBXNativeTarget "Tests iOS" */ = {
			isa = XCConfigurationList;
			buildConfigurations = (
				8481741325AF46CA0017ADDA /* Debug */,
				8481741425AF46CA0017ADDA /* Release */,
			);
			defaultConfigurationIsVisible = 0;
			defaultConfigurationName = Release;
		};
		8481741525AF46CA0017ADDA /* Build configuration list for PBXNativeTarget "Tests macOS" */ = {
			isa = XCConfigurationList;
			buildConfigurations = (
				8481741625AF46CA0017ADDA /* Debug */,
				8481741725AF46CA0017ADDA /* Release */,
			);
			defaultConfigurationIsVisible = 0;
			defaultConfigurationName = Release;
		};
/* End XCConfigurationList section */
	};
	rootObject = 848173D625AF46C80017ADDA /* Project object */;
}
